github.com/oumed/packagea v1.0.1 h1:XSFGbde8MntkrGgoafKsX+1IdSTKoqID1pyeiVvyzvU=
github.com/oumed/packagea v1.0.1/go.mod h1:xpaYGIVQ3JySoMwi0n8sai9mlcnGP6LquBVCyAzS0V0=
github.com/oumed/packageb v1.0.1 h1:B6KQH/C0Bkqkm87M5UaEQW4F2/OW87vrzvOSvar4zM4=
github.com/oumed/packageb v1.0.1/go.mod h1:n3eoQ0WkVTvpJXsYWNJ/IMMdoNYJm9xOb5E3AKgf9e4=
